
Microsoft Visual Studio Solution File, Format Version 12.00
# Visual Studio Version 17
VisualStudioVersion = 17.8.34330.188
MinimumVisualStudioVersion = 10.0.40219.1
Project("{9A19103F-16F7-4668-BE54-9A1E7A4F7556}") = "eCommerce.UI", "eCommerce.UI\eCommerce.UI.csproj", "{3451A90F-EADA-4978-8CCA-7927EC4D685D}"
EndProject
Project("{9A19103F-16F7-4668-BE54-9A1E7A4F7556}") = "eCommerce.API.Filter", "eCommerce.API.Filter\eCommerce.API.Filter.csproj", "{DDA667CC-4D98-4FED-9A98-465ABB3CC9EE}"
EndProject
Project("{9A19103F-16F7-4668-BE54-9A1E7A4F7556}") = "eCommerce.Data", "eCommerce.Data\eCommerce.Data.csproj", "{BD575CC2-ABA1-45CA-AB38-91B07D73EE09}"
EndProject
Project("{9A19103F-16F7-4668-BE54-9A1E7A4F7556}") = "eCommerce.API.Extensions", "eCommerce.API.Extensions\eCommerce.API.Extensions.csproj", "{77924125-C09D-426D-9A97-515081B715D3}"
EndProject
Project("{9A19103F-16F7-4668-BE54-9A1E7A4F7556}") = "eCommerce.UI.Http", "eCommerce.UI.Http\eCommerce.UI.Http.csproj", "{6BA1E5E1-49E7-4797-B1E5-70017CC303C1}"
EndProject
Project("{9A19103F-16F7-4668-BE54-9A1E7A4F7556}") = "eCommerce.UI.Razor", "eCommerce.UI.Razor\eCommerce.UI.Razor.csproj", "{D9833D0E-D914-451D-93B5-E2714B7A43EB}"
EndProject
Project("{9A19103F-16F7-4668-BE54-9A1E7A4F7556}") = "eCommerce.UI.Models", "eCommerce.UI.Models\eCommerce.UI.Models.csproj", "{21B55A59-F240-4AE2-A7B8-E38A1B6A5A1D}"
EndProject
Project("{9A19103F-16F7-4668-BE54-9A1E7A4F7556}") = "eCommerce.API.DTO", "eCommerce.API.DTO\eCommerce.API.DTO.csproj", "{FF201D1F-F9FC-4843-AAA0-217645769B5A}"
EndProject
Project("{9A19103F-16F7-4668-BE54-9A1E7A4F7556}") = "eCommerce.Data.Shared", "eCommerce.Data.Shared\eCommerce.Data.Shared.csproj", "{5A6B4E79-0A57-4163-97C5-A4156D31BC41}"
EndProject
Project("{9A19103F-16F7-4668-BE54-9A1E7A4F7556}") = "eCommerce.API.Products", "eCommerce.API.Products\eCommerce.API.Products.csproj", "{FFD6BED7-0EF2-4337-97F6-6EECC184D8F2}"
EndProject
Project("{9A19103F-16F7-4668-BE54-9A1E7A4F7556}") = "eCommerce.Storage.WebAssembly", "eCommerce.Storage.WebAssembly\eCommerce.Storage.WebAssembly.csproj", "{B49890D5-8791-4E33-A72D-5E5F63B6A2B6}"
EndProject
Project("{FAE04EC0-301F-11D3-BF4B-00C04F79EFBC}") = "eCommerce.API.Categories", "eCommerce.API.Categories\eCommerce.API.Categories.csproj", "{29719D66-B766-4BD4-9FDC-9D2AC8D6E79F}"
EndProject
Global
	GlobalSection(SolutionConfigurationPlatforms) = preSolution
		Debug|Any CPU = Debug|Any CPU
		Release|Any CPU = Release|Any CPU
	EndGlobalSection
	GlobalSection(ProjectConfigurationPlatforms) = postSolution
		{3451A90F-EADA-4978-8CCA-7927EC4D685D}.Debug|Any CPU.ActiveCfg = Debug|Any CPU
		{3451A90F-EADA-4978-8CCA-7927EC4D685D}.Debug|Any CPU.Build.0 = Debug|Any CPU
		{3451A90F-EADA-4978-8CCA-7927EC4D685D}.Release|Any CPU.ActiveCfg = Release|Any CPU
		{3451A90F-EADA-4978-8CCA-7927EC4D685D}.Release|Any CPU.Build.0 = Release|Any CPU
		{DDA667CC-4D98-4FED-9A98-465ABB3CC9EE}.Debug|Any CPU.ActiveCfg = Debug|Any CPU
		{DDA667CC-4D98-4FED-9A98-465ABB3CC9EE}.Debug|Any CPU.Build.0 = Debug|Any CPU
		{DDA667CC-4D98-4FED-9A98-465ABB3CC9EE}.Release|Any CPU.ActiveCfg = Release|Any CPU
		{DDA667CC-4D98-4FED-9A98-465ABB3CC9EE}.Release|Any CPU.Build.0 = Release|Any CPU
		{BD575CC2-ABA1-45CA-AB38-91B07D73EE09}.Debug|Any CPU.ActiveCfg = Debug|Any CPU
		{BD575CC2-ABA1-45CA-AB38-91B07D73EE09}.Debug|Any CPU.Build.0 = Debug|Any CPU
		{BD575CC2-ABA1-45CA-AB38-91B07D73EE09}.Release|Any CPU.ActiveCfg = Release|Any CPU
		{BD575CC2-ABA1-45CA-AB38-91B07D73EE09}.Release|Any CPU.Build.0 = Release|Any CPU
		{77924125-C09D-426D-9A97-515081B715D3}.Debug|Any CPU.ActiveCfg = Debug|Any CPU
		{77924125-C09D-426D-9A97-515081B715D3}.Debug|Any CPU.Build.0 = Debug|Any CPU
		{77924125-C09D-426D-9A97-515081B715D3}.Release|Any CPU.ActiveCfg = Release|Any CPU
		{77924125-C09D-426D-9A97-515081B715D3}.Release|Any CPU.Build.0 = Release|Any CPU
		{6BA1E5E1-49E7-4797-B1E5-70017CC303C1}.Debug|Any CPU.ActiveCfg = Debug|Any CPU
		{6BA1E5E1-49E7-4797-B1E5-70017CC303C1}.Debug|Any CPU.Build.0 = Debug|Any CPU
		{6BA1E5E1-49E7-4797-B1E5-70017CC303C1}.Release|Any CPU.ActiveCfg = Release|Any CPU
		{6BA1E5E1-49E7-4797-B1E5-70017CC303C1}.Release|Any CPU.Build.0 = Release|Any CPU
		{D9833D0E-D914-451D-93B5-E2714B7A43EB}.Debug|Any CPU.ActiveCfg = Debug|Any CPU
		{D9833D0E-D914-451D-93B5-E2714B7A43EB}.Debug|Any CPU.Build.0 = Debug|Any CPU
		{D9833D0E-D914-451D-93B5-E2714B7A43EB}.Release|Any CPU.ActiveCfg = Release|Any CPU
		{D9833D0E-D914-451D-93B5-E2714B7A43EB}.Release|Any CPU.Build.0 = Release|Any CPU
		{21B55A59-F240-4AE2-A7B8-E38A1B6A5A1D}.Debug|Any CPU.ActiveCfg = Debug|Any CPU
		{21B55A59-F240-4AE2-A7B8-E38A1B6A5A1D}.Debug|Any CPU.Build.0 = Debug|Any CPU
		{21B55A59-F240-4AE2-A7B8-E38A1B6A5A1D}.Release|Any CPU.ActiveCfg = Release|Any CPU
		{21B55A59-F240-4AE2-A7B8-E38A1B6A5A1D}.Release|Any CPU.Build.0 = Release|Any CPU
		{FF201D1F-F9FC-4843-AAA0-217645769B5A}.Debug|Any CPU.ActiveCfg = Debug|Any CPU
		{FF201D1F-F9FC-4843-AAA0-217645769B5A}.Debug|Any CPU.Build.0 = Debug|Any CPU
		{FF201D1F-F9FC-4843-AAA0-217645769B5A}.Release|Any CPU.ActiveCfg = Release|Any CPU
		{FF201D1F-F9FC-4843-AAA0-217645769B5A}.Release|Any CPU.Build.0 = Release|Any CPU
		{5A6B4E79-0A57-4163-97C5-A4156D31BC41}.Debug|Any CPU.ActiveCfg = Debug|Any CPU
		{5A6B4E79-0A57-4163-97C5-A4156D31BC41}.Debug|Any CPU.Build.0 = Debug|Any CPU
		{5A6B4E79-0A57-4163-97C5-A4156D31BC41}.Release|Any CPU.ActiveCfg = Release|Any CPU
		{5A6B4E79-0A57-4163-97C5-A4156D31BC41}.Release|Any CPU.Build.0 = Release|Any CPU
		{FFD6BED7-0EF2-4337-97F6-6EECC184D8F2}.Debug|Any CPU.ActiveCfg = Debug|Any CPU
		{FFD6BED7-0EF2-4337-97F6-6EECC184D8F2}.Debug|Any CPU.Build.0 = Debug|Any CPU
		{FFD6BED7-0EF2-4337-97F6-6EECC184D8F2}.Release|Any CPU.ActiveCfg = Release|Any CPU
		{FFD6BED7-0EF2-4337-97F6-6EECC184D8F2}.Release|Any CPU.Build.0 = Release|Any CPU
		{B49890D5-8791-4E33-A72D-5E5F63B6A2B6}.Debug|Any CPU.ActiveCfg = Debug|Any CPU
		{B49890D5-8791-4E33-A72D-5E5F63B6A2B6}.Debug|Any CPU.Build.0 = Debug|Any CPU
		{B49890D5-8791-4E33-A72D-5E5F63B6A2B6}.Release|Any CPU.ActiveCfg = Release|Any CPU
		{B49890D5-8791-4E33-A72D-5E5F63B6A2B6}.Release|Any CPU.Build.0 = Release|Any CPU
		{29719D66-B766-4BD4-9FDC-9D2AC8D6E79F}.Debug|Any CPU.ActiveCfg = Debug|Any CPU
		{29719D66-B766-4BD4-9FDC-9D2AC8D6E79F}.Debug|Any CPU.Build.0 = Debug|Any CPU
		{29719D66-B766-4BD4-9FDC-9D2AC8D6E79F}.Release|Any CPU.ActiveCfg = Release|Any CPU
		{29719D66-B766-4BD4-9FDC-9D2AC8D6E79F}.Release|Any CPU.Build.0 = Release|Any CPU
	EndGlobalSection
	GlobalSection(SolutionProperties) = preSolution
		HideSolutionNode = FALSE
	EndGlobalSection
	GlobalSection(ExtensibilityGlobals) = postSolution
		SolutionGuid = {EDCDADF3-3E30-429F-9E43-B2611B3A777F}
	EndGlobalSection
EndGlobal
